
Microsoft Visual Studio Solution File, Format Version 12.00
# Visual Studio 14
VisualStudioVersion = 14.0.23107.0
MinimumVisualStudioVersion = 10.0.40219.1
Project("{FAE04EC0-301F-11D3-BF4B-00C04F79EFBC}") = "PSS.Api", "PSS.Api\PSS.Api.csproj", "{CF751C45-8D75-45DC-91C8-E71E3707871E}"
EndProject
Project("{FAE04EC0-301F-11D3-BF4B-00C04F79EFBC}") = "PSS.MVC", "PSS.MVC\PSS.MVC.csproj", "{638EA794-1D1B-4E8D-B8D0-E18CF954CC9C}"
EndProject
Global
	GlobalSection(SolutionConfigurationPlatforms) = preSolution
		Debug|Any CPU = Debug|Any CPU
		Release|Any CPU = Release|Any CPU
	EndGlobalSection
	GlobalSection(ProjectConfigurationPlatforms) = postSolution
		{CF751C45-8D75-45DC-91C8-E71E3707871E}.Debug|Any CPU.ActiveCfg = Debug|Any CPU
		{CF751C45-8D75-45DC-91C8-E71E3707871E}.Debug|Any CPU.Build.0 = Debug|Any CPU
		{CF751C45-8D75-45DC-91C8-E71E3707871E}.Release|Any CPU.ActiveCfg = Release|Any CPU
		{CF751C45-8D75-45DC-91C8-E71E3707871E}.Release|Any CPU.Build.0 = Release|Any CPU
		{638EA794-1D1B-4E8D-B8D0-E18CF954CC9C}.Debug|Any CPU.ActiveCfg = Debug|Any CPU
		{638EA794-1D1B-4E8D-B8D0-E18CF954CC9C}.Debug|Any CPU.Build.0 = Debug|Any CPU
		{638EA794-1D1B-4E8D-B8D0-E18CF954CC9C}.Release|Any CPU.ActiveCfg = Release|Any CPU
		{638EA794-1D1B-4E8D-B8D0-E18CF954CC9C}.Release|Any CPU.Build.0 = Release|Any CPU
	EndGlobalSection
	GlobalSection(SolutionProperties) = preSolution
		HideSolutionNode = FALSE
	EndGlobalSection
EndGlobal
